
Microsoft Visual Studio Solution File, Format Version 12.00
# Visual Studio Version 17
VisualStudioVersion = 17.3.32929.385
MinimumVisualStudioVersion = 10.0.40219.1
Project("{FAE04EC0-301F-11D3-BF4B-00C04F79EFBC}") = "WebApplication1.1", "WebApplication1.1\WebApplication1.1.csproj", "{807CDBBF-6408-466D-A5B9-7DE3AD3DA814}"
EndProject
Global
	GlobalSection(SolutionConfigurationPlatforms) = preSolution
		Debug|Any CPU = Debug|Any CPU
		Release|Any CPU = Release|Any CPU
	EndGlobalSection
	GlobalSection(ProjectConfigurationPlatforms) = postSolution
		{807CDBBF-6408-466D-A5B9-7DE3AD3DA814}.Debug|Any CPU.ActiveCfg = Debug|Any CPU
		{807CDBBF-6408-466D-A5B9-7DE3AD3DA814}.Debug|Any CPU.Build.0 = Debug|Any CPU
		{807CDBBF-6408-466D-A5B9-7DE3AD3DA814}.Release|Any CPU.ActiveCfg = Release|Any CPU
		{807CDBBF-6408-466D-A5B9-7DE3AD3DA814}.Release|Any CPU.Build.0 = Release|Any CPU
	EndGlobalSection
	GlobalSection(SolutionProperties) = preSolution
		HideSolutionNode = FALSE
	EndGlobalSection
	GlobalSection(ExtensibilityGlobals) = postSolution
		SolutionGuid = {D69F44F3-5A15-483A-94B5-A7D6AE8BC93B}
	EndGlobalSection
EndGlobal
